// !$*UTF8*$!
{
	archiveVersion = 1;
	classes = {
	};
	objectVersion = 50;
	objects = {

/* Begin PBXBuildFile section */
		6A77A3B9252B5C3F000A09F8 /* AppDelegate.swift in Sources */ = {isa = PBXBuildFile; fileRef = 6A77A3B8252B5C3F000A09F8 /* AppDelegate.swift */; };
		6A77A3BB252B5C3F000A09F8 /* SceneDelegate.swift in Sources */ = {isa = PBXBuildFile; fileRef = 6A77A3BA252B5C3F000A09F8 /* SceneDelegate.swift */; };
		6A77A3BD252B5C3F000A09F8 /* ViewController.swift in Sources */ = {isa = PBXBuildFile; fileRef = 6A77A3BC252B5C3F000A09F8 /* ViewController.swift */; };
		6A77A3C0252B5C3F000A09F8 /* Main.storyboard in Resources */ = {isa = PBXBuildFile; fileRef = 6A77A3BE252B5C3F000A09F8 /* Main.storyboard */; };
		6A77A3C2252B5C41000A09F8 /* Assets.xcassets in Resources */ = {isa = PBXBuildFile; fileRef = 6A77A3C1252B5C41000A09F8 /* Assets.xcassets */; };
		6A77A3C5252B5C41000A09F8 /* LaunchScreen.storyboard in Resources */ = {isa = PBXBuildFile; fileRef = 6A77A3C3252B5C41000A09F8 /* LaunchScreen.storyboard */; };
		6A77A3D0252B5C42000A09F8 /* First_AppTests.swift in Sources */ = {isa = PBXBuildFile; fileRef = 6A77A3CF252B5C42000A09F8 /* First_AppTests.swift */; };
		6A77A3DB252B5C42000A09F8 /* First_AppUITests.swift in Sources */ = {isa = PBXBuildFile; fileRef = 6A77A3DA252B5C42000A09F8 /* First_AppUITests.swift */; };
/* End PBXBuildFile section */

/* Begin PBXContainerItemProxy section */
		6A77A3CC252B5C41000A09F8 /* PBXContainerItemProxy */ = {
			isa = PBXContainerItemProxy;
			containerPortal = 6A77A3AD252B5C3F000A09F8 /* Project object */;
			proxyType = 1;
			remoteGlobalIDString = 6A77A3B4252B5C3F000A09F8;
			remoteInfo = "First App";
		};
		6A77A3D7252B5C42000A09F8 /* PBXContainerItemProxy */ = {
			isa = PBXContainerItemProxy;
			containerPortal = 6A77A3AD252B5C3F000A09F8 /* Project object */;
			proxyType = 1;
			remoteGlobalIDString = 6A77A3B4252B5C3F000A09F8;
			remoteInfo = "First App";
		};
/* End PBXContainerItemProxy section */

/* Begin PBXFileReference section */
		6A77A3B5252B5C3F000A09F8 /* First App.app */ = {isa = PBXFileReference; explicitFileType = wrapper.application; includeInIndex = 0; path = "First App.app"; sourceTree = BUILT_PRODUCTS_DIR; };
		6A77A3B8252B5C3F000A09F8 /* AppDelegate.swift */ = {isa = PBXFileReference; lastKnownFileType = sourcecode.swift; path = AppDelegate.swift; sourceTree = "<group>"; };
		6A77A3BA252B5C3F000A09F8 /* SceneDelegate.swift */ = {isa = PBXFileReference; lastKnownFileType = sourcecode.swift; path = SceneDelegate.swift; sourceTree = "<group>"; };
		6A77A3BC252B5C3F000A09F8 /* ViewController.swift */ = {isa = PBXFileReference; lastKnownFileType = sourcecode.swift; path = ViewController.swift; sourceTree = "<group>"; };
		6A77A3BF252B5C3F000A09F8 /* Base */ = {isa = PBXFileReference; lastKnownFileType = file.storyboard; name = Base; path = Base.lproj/Main.storyboard; sourceTree = "<group>"; };
		6A77A3C1252B5C41000A09F8 /* Assets.xcassets */ = {isa = PBXFileReference; lastKnownFileType = folder.assetcatalog; path = Assets.xcassets; sourceTree = "<group>"; };
		6A77A3C4252B5C41000A09F8 /* Base */ = {isa = PBXFileReference; lastKnownFileType = file.storyboard; name = Base; path = Base.lproj/LaunchScreen.storyboard; sourceTree = "<group>"; };
		6A77A3C6252B5C41000A09F8 /* Info.plist */ = {isa = PBXFileReference; lastKnownFileType = text.plist.xml; path = Info.plist; sourceTree = "<group>"; };
		6A77A3CB252B5C41000A09F8 /* First AppTests.xctest */ = {isa = PBXFileReference; explicitFileType = wrapper.cfbundle; includeInIndex = 0; path = "First AppTests.xctest"; sourceTree = BUILT_PRODUCTS_DIR; };
		6A77A3CF252B5C42000A09F8 /* First_AppTests.swift */ = {isa = PBXFileReference; lastKnownFileType = sourcecode.swift; path = First_AppTests.swift; sourceTree = "<group>"; };
		6A77A3D1252B5C42000A09F8 /* Info.plist */ = {isa = PBXFileReference; lastKnownFileType = text.plist.xml; path = Info.plist; sourceTree = "<group>"; };
		6A77A3D6252B5C42000A09F8 /* First AppUITests.xctest */ = {isa = PBXFileReference; explicitFileType = wrapper.cfbundle; includeInIndex = 0; path = "First AppUITests.xctest"; sourceTree = BUILT_PRODUCTS_DIR; };
		6A77A3DA252B5C42000A09F8 /* First_AppUITests.swift */ = {isa = PBXFileReference; lastKnownFileType = sourcecode.swift; path = First_AppUITests.swift; sourceTree = "<group>"; };
		6A77A3DC252B5C42000A09F8 /* Info.plist */ = {isa = PBXFileReference; lastKnownFileType = text.plist.xml; path = Info.plist; sourceTree = "<group>"; };
/* End PBXFileReference section */

/* Begin PBXFrameworksBuildPhase section */
		6A77A3B2252B5C3F000A09F8 /* Frameworks */ = {
			isa = PBXFrameworksBuildPhase;
			buildActionMask = 2147483647;
			files = (
			);
			runOnlyForDeploymentPostprocessing = 0;
		};
		6A77A3C8252B5C41000A09F8 /* Frameworks */ = {
			isa = PBXFrameworksBuildPhase;
			buildActionMask = 2147483647;
			files = (
			);
			runOnlyForDeploymentPostprocessing = 0;
		};
		6A77A3D3252B5C42000A09F8 /* Frameworks */ = {
			isa = PBXFrameworksBuildPhase;
			buildActionMask = 2147483647;
			files = (
			);
			runOnlyForDeploymentPostprocessing = 0;
		};
/* End PBXFrameworksBuildPhase section */

/* Begin PBXGroup section */
		6A77A3AC252B5C3F000A09F8 = {
			isa = PBXGroup;
			children = (
				6A77A3B7252B5C3F000A09F8 /* First App */,
				6A77A3CE252B5C42000A09F8 /* First AppTests */,
				6A77A3D9252B5C42000A09F8 /* First AppUITests */,
				6A77A3B6252B5C3F000A09F8 /* Products */,
			);
			sourceTree = "<group>";
		};
		6A77A3B6252B5C3F000A09F8 /* Products */ = {
			isa = PBXGroup;
			children = (
				6A77A3B5252B5C3F000A09F8 /* First App.app */,
				6A77A3CB252B5C41000A09F8 /* First AppTests.xctest */,
				6A77A3D6252B5C42000A09F8 /* First AppUITests.xctest */,
			);
			name = Products;
			sourceTree = "<group>";
		};
		6A77A3B7252B5C3F000A09F8 /* First App */ = {
			isa = PBXGroup;
			children = (
				6A77A3B8252B5C3F000A09F8 /* AppDelegate.swift */,
				6A77A3BA252B5C3F000A09F8 /* SceneDelegate.swift */,
				6A77A3BC252B5C3F000A09F8 /* ViewController.swift */,
				6A77A3BE252B5C3F000A09F8 /* Main.storyboard */,
				6A77A3C1252B5C41000A09F8 /* Assets.xcassets */,
				6A77A3C3252B5C41000A09F8 /* LaunchScreen.storyboard */,
				6A77A3C6252B5C41000A09F8 /* Info.plist */,
			);
			path = "First App";
			sourceTree = "<group>";
		};
		6A77A3CE252B5C42000A09F8 /* First AppTests */ = {
			isa = PBXGroup;
			children = (
				6A77A3CF252B5C42000A09F8 /* First_AppTests.swift */,
				6A77A3D1252B5C42000A09F8 /* Info.plist */,
			);
			path = "First AppTests";
			sourceTree = "<group>";
		};
		6A77A3D9252B5C42000A09F8 /* First AppUITests */ = {
			isa = PBXGroup;
			children = (
				6A77A3DA252B5C42000A09F8 /* First_AppUITests.swift */,
				6A77A3DC252B5C42000A09F8 /* Info.plist */,
			);
			path = "First AppUITests";
			sourceTree = "<group>";
		};
/* End PBXGroup section */

/* Begin PBXNativeTarget section */
		6A77A3B4252B5C3F000A09F8 /* First App */ = {
			isa = PBXNativeTarget;
			buildConfigurationList = 6A77A3DF252B5C42000A09F8 /* Build configuration list for PBXNativeTarget "First App" */;
			buildPhases = (
				6A77A3B1252B5C3F000A09F8 /* Sources */,
				6A77A3B2252B5C3F000A09F8 /* Frameworks */,
				6A77A3B3252B5C3F000A09F8 /* Resources */,
			);
			buildRules = (
			);
			dependencies = (
			);
			name = "First App";
			productName = "First App";
			productReference = 6A77A3B5252B5C3F000A09F8 /* First App.app */;
			productType = "com.apple.product-type.application";
		};
		6A77A3CA252B5C41000A09F8 /* First AppTests */ = {
			isa = PBXNativeTarget;
			buildConfigurationList = 6A77A3E2252B5C42000A09F8 /* Build configuration list for PBXNativeTarget "First AppTests" */;
			buildPhases = (
				6A77A3C7252B5C41000A09F8 /* Sources */,
				6A77A3C8252B5C41000A09F8 /* Frameworks */,
				6A77A3C9252B5C41000A09F8 /* Resources */,
			);
			buildRules = (
			);
			dependencies = (
				6A77A3CD252B5C41000A09F8 /* PBXTargetDependency */,
			);
			name = "First AppTests";
			productName = "First AppTests";
			productReference = 6A77A3CB252B5C41000A09F8 /* First AppTests.xctest */;
			productType = "com.apple.product-type.bundle.unit-test";
		};
		6A77A3D5252B5C42000A09F8 /* First AppUITests */ = {
			isa = PBXNativeTarget;
			buildConfigurationList = 6A77A3E5252B5C42000A09F8 /* Build configuration list for PBXNativeTarget "First AppUITests" */;
			buildPhases = (
				6A77A3D2252B5C42000A09F8 /* Sources */,
				6A77A3D3252B5C42000A09F8 /* Frameworks */,
				6A77A3D4252B5C42000A09F8 /* Resources */,
			);
			buildRules = (
			);
			dependencies = (
				6A77A3D8252B5C42000A09F8 /* PBXTargetDependency */,
			);
			name = "First AppUITests";
			productName = "First AppUITests";
			productReference = 6A77A3D6252B5C42000A09F8 /* First AppUITests.xctest */;
			productType = "com.apple.product-type.bundle.ui-testing";
		};
/* End PBXNativeTarget section */

/* Begin PBXProject section */
		6A77A3AD252B5C3F000A09F8 /* Project object */ = {
			isa = PBXProject;
			attributes = {
				LastSwiftUpdateCheck = 1170;
				LastUpgradeCheck = 1170;
				ORGANIZATIONNAME = IDOUDA;
				TargetAttributes = {
					6A77A3B4252B5C3F000A09F8 = {
						CreatedOnToolsVersion = 11.7;
					};
					6A77A3CA252B5C41000A09F8 = {
						CreatedOnToolsVersion = 11.7;
						TestTargetID = 6A77A3B4252B5C3F000A09F8;
					};
					6A77A3D5252B5C42000A09F8 = {
						CreatedOnToolsVersion = 11.7;
						TestTargetID = 6A77A3B4252B5C3F000A09F8;
					};
				};
			};
			buildConfigurationList = 6A77A3B0252B5C3F000A09F8 /* Build configuration list for PBXProject "First App" */;
			compatibilityVersion = "Xcode 9.3";
			developmentRegion = en;
			hasScannedForEncodings = 0;
			knownRegions = (
				en,
				Base,
			);
			mainGroup = 6A77A3AC252B5C3F000A09F8;
			productRefGroup = 6A77A3B6252B5C3F000A09F8 /* Products */;
			projectDirPath = "";
			projectRoot = "";
			targets = (
				6A77A3B4252B5C3F000A09F8 /* First App */,
				6A77A3CA252B5C41000A09F8 /* First AppTests */,
				6A77A3D5252B5C42000A09F8 /* First AppUITests */,
			);
		};
/* End PBXProject section */

/* Begin PBXResourcesBuildPhase section */
		6A77A3B3252B5C3F000A09F8 /* Resources */ = {
			isa = PBXResourcesBuildPhase;
			buildActionMask = 2147483647;
			files = (
				6A77A3C5252B5C41000A09F8 /* LaunchScreen.storyboard in Resources */,
				6A77A3C2252B5C41000A09F8 /* Assets.xcassets in Resources */,
				6A77A3C0252B5C3F000A09F8 /* Main.storyboard in Resources */,
			);
			runOnlyForDeploymentPostprocessing = 0;
		};
		6A77A3C9252B5C41000A09F8 /* Resources */ = {
			isa = PBXResourcesBuildPhase;
			buildActionMask = 2147483647;
			files = (
			);
			runOnlyForDeploymentPostprocessing = 0;
		};
		6A77A3D4252B5C42000A09F8 /* Resources */ = {
			isa = PBXResourcesBuildPhase;
			buildActionMask = 2147483647;
			files = (
			);
			runOnlyForDeploymentPostprocessing = 0;
		};
/* End PBXResourcesBuildPhase section */

/* Begin PBXSourcesBuildPhase section */
		6A77A3B1252B5C3F000A09F8 /* Sources */ = {
			isa = PBXSourcesBuildPhase;
			buildActionMask = 2147483647;
			files = (
				6A77A3BD252B5C3F000A09F8 /* ViewController.swift in Sources */,
				6A77A3B9252B5C3F000A09F8 /* AppDelegate.swift in Sources */,
				6A77A3BB252B5C3F000A09F8 /* SceneDelegate.swift in Sources */,
			);
			runOnlyForDeploymentPostprocessing = 0;
		};
		6A77A3C7252B5C41000A09F8 /* Sources */ = {
			isa = PBXSourcesBuildPhase;
			buildActionMask = 2147483647;
			files = (
				6A77A3D0252B5C42000A09F8 /* First_AppTests.swift in Sources */,
			);
			runOnlyForDeploymentPostprocessing = 0;
		};
		6A77A3D2252B5C42000A09F8 /* Sources */ = {
			isa = PBXSourcesBuildPhase;
			buildActionMask = 2147483647;
			files = (
				6A77A3DB252B5C42000A09F8 /* First_AppUITests.swift in Sources */,
			);
			runOnlyForDeploymentPostprocessing = 0;
		};
/* End PBXSourcesBuildPhase section */

/* Begin PBXTargetDependency section */
		6A77A3CD252B5C41000A09F8 /* PBXTargetDependency */ = {
			isa = PBXTargetDependency;
			target = 6A77A3B4252B5C3F000A09F8 /* First App */;
			targetProxy = 6A77A3CC252B5C41000A09F8 /* PBXContainerItemProxy */;
		};
		6A77A3D8252B5C42000A09F8 /* PBXTargetDependency */ = {
			isa = PBXTargetDependency;
			target = 6A77A3B4252B5C3F000A09F8 /* First App */;
			targetProxy = 6A77A3D7252B5C42000A09F8 /* PBXContainerItemProxy */;
		};
/* End PBXTargetDependency section */

/* Begin PBXVariantGroup section */
		6A77A3BE252B5C3F000A09F8 /* Main.storyboard */ = {
			isa = PBXVariantGroup;
			children = (
				6A77A3BF252B5C3F000A09F8 /* Base */,
			);
			name = Main.storyboard;
			sourceTree = "<group>";
		};
		6A77A3C3252B5C41000A09F8 /* LaunchScreen.storyboard */ = {
			isa = PBXVariantGroup;
			children = (
				6A77A3C4252B5C41000A09F8 /* Base */,
			);
			name = LaunchScreen.storyboard;
			sourceTree = "<group>";
		};
/* End PBXVariantGroup section */

/* Begin XCBuildConfiguration section */
		6A77A3DD252B5C42000A09F8 /* Debug */ = {
			isa = XCBuildConfiguration;
			buildSettings = {
				ALWAYS_SEARCH_USER_PATHS = NO;
				CLANG_ANALYZER_NONNULL = YES;
				CLANG_ANALYZER_NUMBER_OBJECT_CONVERSION = YES_AGGRESSIVE;
				CLANG_CXX_LANGUAGE_STANDARD = "gnu++14";
				CLANG_CXX_LIBRARY = "libc++";
				CLANG_ENABLE_MODULES = YES;
				CLANG_ENABLE_OBJC_ARC = YES;
				CLANG_ENABLE_OBJC_WEAK = YES;
				CLANG_WARN_BLOCK_CAPTURE_AUTORELEASING = YES;
				CLANG_WARN_BOOL_CONVERSION = YES;
				CLANG_WARN_COMMA = YES;
				CLANG_WARN_CONSTANT_CONVERSION = YES;
				CLANG_WARN_DEPRECATED_OBJC_IMPLEMENTATIONS = YES;
				CLANG_WARN_DIRECT_OBJC_ISA_USAGE = YES_ERROR;
				CLANG_WARN_DOCUMENTATION_COMMENTS = YES;
				CLANG_WARN_EMPTY_BODY = YES;
				CLANG_WARN_ENUM_CONVERSION = YES;
				CLANG_WARN_INFINITE_RECURSION = YES;
				CLANG_WARN_INT_CONVERSION = YES;
				CLANG_WARN_NON_LITERAL_NULL_CONVERSION = YES;
				CLANG_WARN_OBJC_IMPLICIT_RETAIN_SELF = YES;
				CLANG_WARN_OBJC_LITERAL_CONVERSION = YES;
				CLANG_WARN_OBJC_ROOT_CLASS = YES_ERROR;
				CLANG_WARN_RANGE_LOOP_ANALYSIS = YES;
				CLANG_WARN_STRICT_PROTOTYPES = YES;
				CLANG_WARN_SUSPICIOUS_MOVE = YES;
				CLANG_WARN_UNGUARDED_AVAILABILITY = YES_AGGRESSIVE;
				CLANG_WARN_UNREACHABLE_CODE = YES;
				CLANG_WARN__DUPLICATE_METHOD_MATCH = YES;
				COPY_PHASE_STRIP = NO;
				DEBUG_INFORMATION_FORMAT = dwarf;
				ENABLE_STRICT_OBJC_MSGSEND = YES;
				ENABLE_TESTABILITY = YES;
				GCC_C_LANGUAGE_STANDARD = gnu11;
				GCC_DYNAMIC_NO_PIC = NO;
				GCC_NO_COMMON_BLOCKS = YES;
				GCC_OPTIMIZATION_LEVEL = 0;
				GCC_PREPROCESSOR_DEFINITIONS = (
					"DEBUG=1",
					"$(inherited)",
				);
				GCC_WARN_64_TO_32_BIT_CONVERSION = YES;
				GCC_WARN_ABOUT_RETURN_TYPE = YES_ERROR;
				GCC_WARN_UNDECLARED_SELECTOR = YES;
				GCC_WARN_UNINITIALIZED_AUTOS = YES_AGGRESSIVE;
				GCC_WARN_UNUSED_FUNCTION = YES;
				GCC_WARN_UNUSED_VARIABLE = YES;
				IPHONEOS_DEPLOYMENT_TARGET = 13.7;
				MTL_ENABLE_DEBUG_INFO = INCLUDE_SOURCE;
				MTL_FAST_MATH = YES;
				ONLY_ACTIVE_ARCH = YES;
				SDKROOT = iphoneos;
				SWIFT_ACTIVE_COMPILATION_CONDITIONS = DEBUG;
				SWIFT_OPTIMIZATION_LEVEL = "-Onone";
			};
			name = Debug;
		};
		6A77A3DE252B5C42000A09F8 /* Release */ = {
			isa = XCBuildConfiguration;
			buildSettings = {
				ALWAYS_SEARCH_USER_PATHS = NO;
				CLANG_ANALYZER_NONNULL = YES;
				CLANG_ANALYZER_NUMBER_OBJECT_CONVERSION = YES_AGGRESSIVE;
				CLANG_CXX_LANGUAGE_STANDARD = "gnu++14";
				CLANG_CXX_LIBRARY = "libc++";
				CLANG_ENABLE_MODULES = YES;
				CLANG_ENABLE_OBJC_ARC = YES;
				CLANG_ENABLE_OBJC_WEAK = YES;
				CLANG_WARN_BLOCK_CAPTURE_AUTORELEASING = YES;
				CLANG_WARN_BOOL_CONVERSION = YES;
				CLANG_WARN_COMMA = YES;
				CLANG_WARN_CONSTANT_CONVERSION = YES;
				CLANG_WARN_DEPRECATED_OBJC_IMPLEMENTATIONS = YES;
				CLANG_WARN_DIRECT_OBJC_ISA_USAGE = YES_ERROR;
				CLANG_WARN_DOCUMENTATION_COMMENTS = YES;
				CLANG_WARN_EMPTY_BODY = YES;
				CLANG_WARN_ENUM_CONVERSION = YES;
				CLANG_WARN_INFINITE_RECURSION = YES;
				CLANG_WARN_INT_CONVERSION = YES;
				CLANG_WARN_NON_LITERAL_NULL_CONVERSION = YES;
				CLANG_WARN_OBJC_IMPLICIT_RETAIN_SELF = YES;
				CLANG_WARN_OBJC_LITERAL_CONVERSION = YES;
				CLANG_WARN_OBJC_ROOT_CLASS = YES_ERROR;
				CLANG_WARN_RANGE_LOOP_ANALYSIS = YES;
				CLANG_WARN_STRICT_PROTOTYPES = YES;
				CLANG_WARN_SUSPICIOUS_MOVE = YES;
				CLANG_WARN_UNGUARDED_AVAILABILITY = YES_AGGRESSIVE;
				CLANG_WARN_UNREACHABLE_CODE = YES;
				CLANG_WARN__DUPLICATE_METHOD_MATCH = YES;
				COPY_PHASE_STRIP = NO;
				DEBUG_INFORMATION_FORMAT = "dwarf-with-dsym";
				ENABLE_NS_ASSERTIONS = NO;
				ENABLE_STRICT_OBJC_MSGSEND = YES;
				GCC_C_LANGUAGE_STANDARD = gnu11;
				GCC_NO_COMMON_BLOCKS = YES;
				GCC_WARN_64_TO_32_BIT_CONVERSION = YES;
				GCC_WARN_ABOUT_RETURN_TYPE = YES_ERROR;
				GCC_WARN_UNDECLARED_SELECTOR = YES;
				GCC_WARN_UNINITIALIZED_AUTOS = YES_AGGRESSIVE;
				GCC_WARN_UNUSED_FUNCTION = YES;
				GCC_WARN_UNUSED_VARIABLE = YES;
				IPHONEOS_DEPLOYMENT_TARGET = 13.7;
				MTL_ENABLE_DEBUG_INFO = NO;
				MTL_FAST_MATH = YES;
				SDKROOT = iphoneos;
				SWIFT_COMPILATION_MODE = wholemodule;
				SWIFT_OPTIMIZATION_LEVEL = "-O";
				VALIDATE_PRODUCT = YES;
			};
			name = Release;
		};
		6A77A3E0252B5C42000A09F8 /* Debug */ = {
			isa = XCBuildConfiguration;
			buildSettings = {
				ASSETCATALOG_COMPILER_APPICON_NAME = AppIcon;
				CODE_SIGN_STYLE = Automatic;
				INFOPLIST_FILE = "First App/Info.plist";
				IPHONEOS_DEPLOYMENT_TARGET = 13.7;
				LD_RUNPATH_SEARCH_PATHS = (
					"$(inherited)",
					"@executable_path/Frameworks",
				);
				PRODUCT_BUNDLE_IDENTIFIER = "com.idouda.First-App";
				PRODUCT_NAME = "$(TARGET_NAME)";
				SWIFT_VERSION = 5.0;
				TARGETED_DEVICE_FAMILY = "1,2";
			};
			name = Debug;
		};
		6A77A3E1252B5C42000A09F8 /* Release */ = {
			isa = XCBuildConfiguration;
			buildSettings = {
				ASSETCATALOG_COMPILER_APPICON_NAME = AppIcon;
				CODE_SIGN_STYLE = Automatic;
				INFOPLIST_FILE = "First App/Info.plist";
				IPHONEOS_DEPLOYMENT_TARGET = 13.7;
				LD_RUNPATH_SEARCH_PATHS = (
					"$(inherited)",
					"@executable_path/Frameworks",
				);
				PRODUCT_BUNDLE_IDENTIFIER = "com.idouda.First-App";
				PRODUCT_NAME = "$(TARGET_NAME)";
				SWIFT_VERSION = 5.0;
				TARGETED_DEVICE_FAMILY = "1,2";
			};
			name = Release;
		};
		6A77A3E3252B5C42000A09F8 /* Debug */ = {
			isa = XCBuildConfiguration;
			buildSettings = {
				ALWAYS_EMBED_SWIFT_STANDARD_LIBRARIES = YES;
				BUNDLE_LOADER = "$(TEST_HOST)";
				CODE_SIGN_STYLE = Automatic;
				INFOPLIST_FILE = "First AppTests/Info.plist";
				IPHONEOS_DEPLOYMENT_TARGET = 13.7;
				LD_RUNPATH_SEARCH_PATHS = (
					"$(inherited)",
					"@executable_path/Frameworks",
					"@loader_path/Frameworks",
				);
				PRODUCT_BUNDLE_IDENTIFIER = "com.idouda.First-AppTests";
				PRODUCT_NAME = "$(TARGET_NAME)";
				SWIFT_VERSION = 5.0;
				TARGETED_DEVICE_FAMILY = "1,2";
				TEST_HOST = "$(BUILT_PRODUCTS_DIR)/First App.app/First App";
			};
			name = Debug;
		};
		6A77A3E4252B5C42000A09F8 /* Release */ = {
			isa = XCBuildConfiguration;
			buildSettings = {
				ALWAYS_EMBED_SWIFT_STANDARD_LIBRARIES = YES;
				BUNDLE_LOADER = "$(TEST_HOST)";
				CODE_SIGN_STYLE = Automatic;
				INFOPLIST_FILE = "First AppTests/Info.plist";
				IPHONEOS_DEPLOYMENT_TARGET = 13.7;
				LD_RUNPATH_SEARCH_PATHS = (
					"$(inherited)",
					"@executable_path/Frameworks",
					"@loader_path/Frameworks",
				);
				PRODUCT_BUNDLE_IDENTIFIER = "com.idouda.First-AppTests";
				PRODUCT_NAME = "$(TARGET_NAME)";
				SWIFT_VERSION = 5.0;
				TARGETED_DEVICE_FAMILY = "1,2";
				TEST_HOST = "$(BUILT_PRODUCTS_DIR)/First App.app/First App";
			};
			name = Release;
		};
		6A77A3E6252B5C42000A09F8 /* Debug */ = {
			isa = XCBuildConfiguration;
			buildSettings = {
				ALWAYS_EMBED_SWIFT_STANDARD_LIBRARIES = YES;
				CODE_SIGN_STYLE = Automatic;
				INFOPLIST_FILE = "First AppUITests/Info.plist";
				LD_RUNPATH_SEARCH_PATHS = (
					"$(inherited)",
					"@executable_path/Frameworks",
					"@loader_path/Frameworks",
				);
				PRODUCT_BUNDLE_IDENTIFIER = "com.idouda.First-AppUITests";
				PRODUCT_NAME = "$(TARGET_NAME)";
				SWIFT_VERSION = 5.0;
				TARGETED_DEVICE_FAMILY = "1,2";
				TEST_TARGET_NAME = "First App";
			};
			name = Debug;
		};
		6A77A3E7252B5C42000A09F8 /* Release */ = {
			isa = XCBuildConfiguration;
			buildSettings = {
				ALWAYS_EMBED_SWIFT_STANDARD_LIBRARIES = YES;
				CODE_SIGN_STYLE = Automatic;
				INFOPLIST_FILE = "First AppUITests/Info.plist";
				LD_RUNPATH_SEARCH_PATHS = (
					"$(inherited)",
					"@executable_path/Frameworks",
					"@loader_path/Frameworks",
				);
				PRODUCT_BUNDLE_IDENTIFIER = "com.idouda.First-AppUITests";
				PRODUCT_NAME = "$(TARGET_NAME)";
				SWIFT_VERSION = 5.0;
				TARGETED_DEVICE_FAMILY = "1,2";
				TEST_TARGET_NAME = "First App";
			};
			name = Release;
		};
/* End XCBuildConfiguration section */

/* Begin XCConfigurationList section */
		6A77A3B0252B5C3F000A09F8 /* Build configuration list for PBXProject "First App" */ = {
			isa = XCConfigurationList;
			buildConfigurations = (
				6A77A3DD252B5C42000A09F8 /* Debug */,
				6A77A3DE252B5C42000A09F8 /* Release */,
			);
			defaultConfigurationIsVisible = 0;
			defaultConfigurationName = Release;
		};
		6A77A3DF252B5C42000A09F8 /* Build configuration list for PBXNativeTarget "First App" */ = {
			isa = XCConfigurationList;
			buildConfigurations = (
				6A77A3E0252B5C42000A09F8 /* Debug */,
				6A77A3E1252B5C42000A09F8 /* Release */,
			);
			defaultConfigurationIsVisible = 0;
			defaultConfigurationName = Release;
		};
		6A77A3E2252B5C42000A09F8 /* Build configuration list for PBXNativeTarget "First AppTests" */ = {
			isa = XCConfigurationList;
			buildConfigurations = (
				6A77A3E3252B5C42000A09F8 /* Debug */,
				6A77A3E4252B5C42000A09F8 /* Release */,
			);
			defaultConfigurationIsVisible = 0;
			defaultConfigurationName = Release;
		};
		6A77A3E5252B5C42000A09F8 /* Build configuration list for PBXNativeTarget "First AppUITests" */ = {
			isa = XCConfigurationList;
			buildConfigurations = (
				6A77A3E6252B5C42000A09F8 /* Debug */,
				6A77A3E7252B5C42000A09F8 /* Release */,
			);
			defaultConfigurationIsVisible = 0;
			defaultConfigurationName = Release;
		};
/* End XCConfigurationList section */
	};
	rootObject = 6A77A3AD252B5C3F000A09F8 /* Project object */;
}
